
Microsoft Visual Studio Solution File, Format Version 12.00
# Visual Studio 15
VisualStudioVersion = 15.0.27130.2027
MinimumVisualStudioVersion = 10.0.40219.1
Project("{FAE04EC0-301F-11D3-BF4B-00C04F79EFBC}") = "HelpdeskMVC", "HelpdeskMVC\HelpdeskMVC.csproj", "{161D0B5F-D85B-4889-AFE9-8C00EA518FDF}"
EndProject
Global
	GlobalSection(SolutionConfigurationPlatforms) = preSolution
		Debug|Any CPU = Debug|Any CPU
		Release|Any CPU = Release|Any CPU
	EndGlobalSection
	GlobalSection(ProjectConfigurationPlatforms) = postSolution
		{161D0B5F-D85B-4889-AFE9-8C00EA518FDF}.Debug|Any CPU.ActiveCfg = Debug|Any CPU
		{161D0B5F-D85B-4889-AFE9-8C00EA518FDF}.Debug|Any CPU.Build.0 = Debug|Any CPU
		{161D0B5F-D85B-4889-AFE9-8C00EA518FDF}.Release|Any CPU.ActiveCfg = Release|Any CPU
		{161D0B5F-D85B-4889-AFE9-8C00EA518FDF}.Release|Any CPU.Build.0 = Release|Any CPU
	EndGlobalSection
	GlobalSection(SolutionProperties) = preSolution
		HideSolutionNode = FALSE
	EndGlobalSection
	GlobalSection(ExtensibilityGlobals) = postSolution
		SolutionGuid = {4111F4D8-F236-4C0E-9046-BF62FC8F4C12}
	EndGlobalSection
EndGlobal
